Microsoft Visual Studio Solution File, Format Version 12.00
# Visual Studio Version 17
VisualStudioVersion = 17.12.35424.110
MinimumVisualStudioVersion = 10.0.40219.1
Project("{FAE04EC0-301F-11D3-BF4B-00C04F79EFBC}") = "HiLandon.Core", "HiLandon.Core\HiLandon.Core.csproj", "{71CABCF8-9058-4D30-A78C-17DC3C50817B}"
EndProject
Project("{FAE04EC0-301F-11D3-BF4B-00C04F79EFBC}") = "HiLandon.Application", "HiLandon.Application\HiLandon.Application.csproj", "{068A65F0-A176-45B0-BA3F-36041F9CAA6C}"
EndProject
Project("{FAE04EC0-301F-11D3-BF4B-00C04F79EFBC}") = "HiLandon.Presentation.Web", "HiLandon.Presentation.Web\HiLandon.Presentation.Web.csproj", "{E2BE7C73-47EC-46DF-ACAC-014C10DDCBBF}"
	ProjectSection(ProjectDependencies) = postProject
		{068A65F0-A176-45B0-BA3F-36041F9CAA6C} = {068A65F0-A176-45B0-BA3F-36041F9CAA6C}
		{71CABCF8-9058-4D30-A78C-17DC3C50817B} = {71CABCF8-9058-4D30-A78C-17DC3C50817B}
	EndProjectSection
EndProject
Project("{FAE04EC0-301F-11D3-BF4B-00C04F79EFBC}") = "HiLandon.Infrastructure", "HiLandon.Infrastructure\HiLandon.Infrastructure.csproj", "{DD2B5C78-80B3-4454-9F00-5304BF1E1FA0}"
EndProject
Global
	GlobalSection(SolutionConfigurationPlatforms) = preSolution
		Debug|Any CPU = Debug|Any CPU
		Release|Any CPU = Release|Any CPU
		V1|Any CPU = V1|Any CPU
		V2|Any CPU = V2|Any CPU
		V3|Any CPU = V3|Any CPU
	EndGlobalSection
	GlobalSection(ProjectConfigurationPlatforms) = postSolution
		{71CABCF8-9058-4D30-A78C-17DC3C50817B}.Debug|Any CPU.ActiveCfg = Debug|Any CPU
		{71CABCF8-9058-4D30-A78C-17DC3C50817B}.Debug|Any CPU.Build.0 = Debug|Any CPU
		{71CABCF8-9058-4D30-A78C-17DC3C50817B}.Release|Any CPU.ActiveCfg = Release|Any CPU
		{71CABCF8-9058-4D30-A78C-17DC3C50817B}.Release|Any CPU.Build.0 = Release|Any CPU
		{71CABCF8-9058-4D30-A78C-17DC3C50817B}.V1|Any CPU.ActiveCfg = V1|Any CPU
		{71CABCF8-9058-4D30-A78C-17DC3C50817B}.V1|Any CPU.Build.0 = V1|Any CPU
		{71CABCF8-9058-4D30-A78C-17DC3C50817B}.V2|Any CPU.ActiveCfg = V2|Any CPU
		{71CABCF8-9058-4D30-A78C-17DC3C50817B}.V2|Any CPU.Build.0 = V2|Any CPU
		{71CABCF8-9058-4D30-A78C-17DC3C50817B}.V3|Any CPU.ActiveCfg = V3|Any CPU
		{71CABCF8-9058-4D30-A78C-17DC3C50817B}.V3|Any CPU.Build.0 = V3|Any CPU
		{068A65F0-A176-45B0-BA3F-36041F9CAA6C}.Debug|Any CPU.ActiveCfg = Debug|Any CPU
		{068A65F0-A176-45B0-BA3F-36041F9CAA6C}.Debug|Any CPU.Build.0 = Debug|Any CPU
		{068A65F0-A176-45B0-BA3F-36041F9CAA6C}.Release|Any CPU.ActiveCfg = Release|Any CPU
		{068A65F0-A176-45B0-BA3F-36041F9CAA6C}.Release|Any CPU.Build.0 = Release|Any CPU
		{068A65F0-A176-45B0-BA3F-36041F9CAA6C}.V1|Any CPU.ActiveCfg = V1|Any CPU
		{068A65F0-A176-45B0-BA3F-36041F9CAA6C}.V1|Any CPU.Build.0 = V1|Any CPU
		{068A65F0-A176-45B0-BA3F-36041F9CAA6C}.V2|Any CPU.ActiveCfg = V2|Any CPU
		{068A65F0-A176-45B0-BA3F-36041F9CAA6C}.V2|Any CPU.Build.0 = V2|Any CPU
		{068A65F0-A176-45B0-BA3F-36041F9CAA6C}.V3|Any CPU.ActiveCfg = V3|Any CPU
		{068A65F0-A176-45B0-BA3F-36041F9CAA6C}.V3|Any CPU.Build.0 = V3|Any CPU
		{E2BE7C73-47EC-46DF-ACAC-014C10DDCBBF}.Debug|Any CPU.ActiveCfg = Debug|Any CPU
		{E2BE7C73-47EC-46DF-ACAC-014C10DDCBBF}.Debug|Any CPU.Build.0 = Debug|Any CPU
		{E2BE7C73-47EC-46DF-ACAC-014C10DDCBBF}.Release|Any CPU.ActiveCfg = Release|Any CPU
		{E2BE7C73-47EC-46DF-ACAC-014C10DDCBBF}.Release|Any CPU.Build.0 = Release|Any CPU
		{E2BE7C73-47EC-46DF-ACAC-014C10DDCBBF}.V1|Any CPU.ActiveCfg = V1|Any CPU
		{E2BE7C73-47EC-46DF-ACAC-014C10DDCBBF}.V1|Any CPU.Build.0 = V1|Any CPU
		{E2BE7C73-47EC-46DF-ACAC-014C10DDCBBF}.V2|Any CPU.ActiveCfg = V2|Any CPU
		{E2BE7C73-47EC-46DF-ACAC-014C10DDCBBF}.V2|Any CPU.Build.0 = V2|Any CPU
		{E2BE7C73-47EC-46DF-ACAC-014C10DDCBBF}.V3|Any CPU.ActiveCfg = V3|Any CPU
		{E2BE7C73-47EC-46DF-ACAC-014C10DDCBBF}.V3|Any CPU.Build.0 = V3|Any CPU
		{DD2B5C78-80B3-4454-9F00-5304BF1E1FA0}.Debug|Any CPU.ActiveCfg = Debug|Any CPU
		{DD2B5C78-80B3-4454-9F00-5304BF1E1FA0}.Debug|Any CPU.Build.0 = Debug|Any CPU
		{DD2B5C78-80B3-4454-9F00-5304BF1E1FA0}.Release|Any CPU.ActiveCfg = Release|Any CPU
		{DD2B5C78-80B3-4454-9F00-5304BF1E1FA0}.Release|Any CPU.Build.0 = Release|Any CPU
		{DD2B5C78-80B3-4454-9F00-5304BF1E1FA0}.V1|Any CPU.ActiveCfg = V1|Any CPU
		{DD2B5C78-80B3-4454-9F00-5304BF1E1FA0}.V1|Any CPU.Build.0 = V1|Any CPU
		{DD2B5C78-80B3-4454-9F00-5304BF1E1FA0}.V2|Any CPU.ActiveCfg = V2|Any CPU
		{DD2B5C78-80B3-4454-9F00-5304BF1E1FA0}.V2|Any CPU.Build.0 = V2|Any CPU
		{DD2B5C78-80B3-4454-9F00-5304BF1E1FA0}.V3|Any CPU.ActiveCfg = V3|Any CPU
		{DD2B5C78-80B3-4454-9F00-5304BF1E1FA0}.V3|Any CPU.Build.0 = V3|Any CPU
	EndGlobalSection
	GlobalSection(SolutionProperties) = preSolution
		HideSolutionNode = FALSE
	EndGlobalSection
EndGlobal
